
Microsoft Visual Studio Solution File, Format Version 12.00
# Visual Studio Version 16
VisualStudioVersion = 16.0.30413.136
MinimumVisualStudioVersion = 10.0.40219.1
Project("{FAE04EC0-301F-11D3-BF4B-00C04F79EFBC}") = "UsingGameClassLibrary", "UsingGameClassLibrary.csproj", "{1A0FCB74-3CB2-402E-A273-C66C2D183EBF}"
EndProject
Global
	GlobalSection(SolutionConfigurationPlatforms) = preSolution
		Debug|Any CPU = Debug|Any CPU
		Release|Any CPU = Release|Any CPU
	EndGlobalSection
	GlobalSection(ProjectConfigurationPlatforms) = postSolution
		{1A0FCB74-3CB2-402E-A273-C66C2D183EBF}.Debug|Any CPU.ActiveCfg = Debug|Any CPU
		{1A0FCB74-3CB2-402E-A273-C66C2D183EBF}.Debug|Any CPU.Build.0 = Debug|Any CPU
		{1A0FCB74-3CB2-402E-A273-C66C2D183EBF}.Release|Any CPU.ActiveCfg = Release|Any CPU
		{1A0FCB74-3CB2-402E-A273-C66C2D183EBF}.Release|Any CPU.Build.0 = Release|Any CPU
	EndGlobalSection
	GlobalSection(SolutionProperties) = preSolution
		HideSolutionNode = FALSE
	EndGlobalSection
	GlobalSection(ExtensibilityGlobals) = postSolution
		SolutionGuid = {1890A774-2DE5-4444-8E41-7473C4215B76}
	EndGlobalSection
EndGlobal
