
Microsoft Visual Studio Solution File, Format Version 12.00
# Visual Studio Version 16
VisualStudioVersion = 16.0.30413.136
MinimumVisualStudioVersion = 10.0.40219.1
Project("{FAE04EC0-301F-11D3-BF4B-00C04F79EFBC}") = "Project 5", "Project 5.csproj", "{0F7E1257-8735-437F-883E-F140606884EA}"
EndProject
Project("{FAE04EC0-301F-11D3-BF4B-00C04F79EFBC}") = "Project 5 Tests", "..\Project 5 Tests\Project 5 Tests.csproj", "{1EBA3B1F-9EE4-492C-9179-107B802D6110}"
EndProject
Global
	GlobalSection(SolutionConfigurationPlatforms) = preSolution
		Debug|Any CPU = Debug|Any CPU
		Release|Any CPU = Release|Any CPU
	EndGlobalSection
	GlobalSection(ProjectConfigurationPlatforms) = postSolution
		{0F7E1257-8735-437F-883E-F140606884EA}.Debug|Any CPU.ActiveCfg = Debug|Any CPU
		{0F7E1257-8735-437F-883E-F140606884EA}.Debug|Any CPU.Build.0 = Debug|Any CPU
		{0F7E1257-8735-437F-883E-F140606884EA}.Release|Any CPU.ActiveCfg = Release|Any CPU
		{0F7E1257-8735-437F-883E-F140606884EA}.Release|Any CPU.Build.0 = Release|Any CPU
		{1EBA3B1F-9EE4-492C-9179-107B802D6110}.Debug|Any CPU.ActiveCfg = Debug|Any CPU
		{1EBA3B1F-9EE4-492C-9179-107B802D6110}.Debug|Any CPU.Build.0 = Debug|Any CPU
		{1EBA3B1F-9EE4-492C-9179-107B802D6110}.Release|Any CPU.ActiveCfg = Release|Any CPU
		{1EBA3B1F-9EE4-492C-9179-107B802D6110}.Release|Any CPU.Build.0 = Release|Any CPU
	EndGlobalSection
	GlobalSection(SolutionProperties) = preSolution
		HideSolutionNode = FALSE
	EndGlobalSection
	GlobalSection(ExtensibilityGlobals) = postSolution
		SolutionGuid = {D15A808A-042B-4108-9A5D-B2A428801A2D}
	EndGlobalSection
EndGlobal
