
Microsoft Visual Studio Solution File, Format Version 12.00
# Visual Studio Version 16
VisualStudioVersion = 16.0.30413.136
MinimumVisualStudioVersion = 10.0.40219.1
Project("{FAE04EC0-301F-11D3-BF4B-00C04F79EFBC}") = "SQLServerTest", "SQLServerTest.csproj", "{83B7DADF-98F4-4D25-A86D-650C2688C0DD}"
EndProject
Global
	GlobalSection(SolutionConfigurationPlatforms) = preSolution
		Debug|Any CPU = Debug|Any CPU
		Release|Any CPU = Release|Any CPU
	EndGlobalSection
	GlobalSection(ProjectConfigurationPlatforms) = postSolution
		{83B7DADF-98F4-4D25-A86D-650C2688C0DD}.Debug|Any CPU.ActiveCfg = Debug|Any CPU
		{83B7DADF-98F4-4D25-A86D-650C2688C0DD}.Debug|Any CPU.Build.0 = Debug|Any CPU
		{83B7DADF-98F4-4D25-A86D-650C2688C0DD}.Release|Any CPU.ActiveCfg = Release|Any CPU
		{83B7DADF-98F4-4D25-A86D-650C2688C0DD}.Release|Any CPU.Build.0 = Release|Any CPU
	EndGlobalSection
	GlobalSection(SolutionProperties) = preSolution
		HideSolutionNode = FALSE
	EndGlobalSection
	GlobalSection(ExtensibilityGlobals) = postSolution
		SolutionGuid = {3440AC53-5DD8-4DAF-A4A9-2FE25B80A3F8}
	EndGlobalSection
EndGlobal
