
Microsoft Visual Studio Solution File, Format Version 12.00
# Visual Studio Version 16
VisualStudioVersion = 16.0.30413.136
MinimumVisualStudioVersion = 10.0.40219.1
Project("{FAE04EC0-301F-11D3-BF4B-00C04F79EFBC}") = "GamesClasses", "GamesClasses.csproj", "{7BFF478A-17E8-4F6E-AC7A-EEFC94F5E24B}"
EndProject
Global
	GlobalSection(SolutionConfigurationPlatforms) = preSolution
		Debug|Any CPU = Debug|Any CPU
		Release|Any CPU = Release|Any CPU
	EndGlobalSection
	GlobalSection(ProjectConfigurationPlatforms) = postSolution
		{7BFF478A-17E8-4F6E-AC7A-EEFC94F5E24B}.Debug|Any CPU.ActiveCfg = Debug|Any CPU
		{7BFF478A-17E8-4F6E-AC7A-EEFC94F5E24B}.Debug|Any CPU.Build.0 = Debug|Any CPU
		{7BFF478A-17E8-4F6E-AC7A-EEFC94F5E24B}.Release|Any CPU.ActiveCfg = Release|Any CPU
		{7BFF478A-17E8-4F6E-AC7A-EEFC94F5E24B}.Release|Any CPU.Build.0 = Release|Any CPU
	EndGlobalSection
	GlobalSection(SolutionProperties) = preSolution
		HideSolutionNode = FALSE
	EndGlobalSection
	GlobalSection(ExtensibilityGlobals) = postSolution
		SolutionGuid = {7645DAF1-D8B6-4C11-8784-0167308886CC}
	EndGlobalSection
EndGlobal
