
Microsoft Visual Studio Solution File, Format Version 12.00
# Visual Studio Version 16
VisualStudioVersion = 16.0.30413.136
MinimumVisualStudioVersion = 10.0.40219.1
Project("{FAE04EC0-301F-11D3-BF4B-00C04F79EFBC}") = "CarDemoChapter9", "CarDemoChapter9.csproj", "{4846AB12-B2B4-4DD9-B52C-01F5A2FCE6C2}"
EndProject
Global
	GlobalSection(SolutionConfigurationPlatforms) = preSolution
		Debug|Any CPU = Debug|Any CPU
		Release|Any CPU = Release|Any CPU
	EndGlobalSection
	GlobalSection(ProjectConfigurationPlatforms) = postSolution
		{4846AB12-B2B4-4DD9-B52C-01F5A2FCE6C2}.Debug|Any CPU.ActiveCfg = Debug|Any CPU
		{4846AB12-B2B4-4DD9-B52C-01F5A2FCE6C2}.Debug|Any CPU.Build.0 = Debug|Any CPU
		{4846AB12-B2B4-4DD9-B52C-01F5A2FCE6C2}.Release|Any CPU.ActiveCfg = Release|Any CPU
		{4846AB12-B2B4-4DD9-B52C-01F5A2FCE6C2}.Release|Any CPU.Build.0 = Release|Any CPU
	EndGlobalSection
	GlobalSection(SolutionProperties) = preSolution
		HideSolutionNode = FALSE
	EndGlobalSection
	GlobalSection(ExtensibilityGlobals) = postSolution
		SolutionGuid = {8006CD27-ECA9-4CFE-8B58-3D4F83FCF0EE}
	EndGlobalSection
EndGlobal
